
Microsoft Visual Studio Solution File, Format Version 12.00
# Visual Studio Version 16
Project("{8BC9CEB8-8B4A-11D0-8D11-00A0C91BC942}") = "Brain-Matrix-Test", "Brain-Matrix-Test\Brain-Matrix-Test.vcxproj", "{80CF9BF4-ECE5-998A-355D-25ACA1B26A12}"
EndProject
Project("{8BC9CEB8-8B4A-11D0-8D11-00A0C91BC942}") = "Brain-Matrix", "Brain-Matrix\Brain-Matrix.vcxproj", "{331CB570-1F7F-4415-C804-7DCBB4461098}"
EndProject
Global
	GlobalSection(SolutionConfigurationPlatforms) = preSolution
		Debug|x64 = Debug|x64
		Release|x64 = Release|x64
	EndGlobalSection
	GlobalSection(ProjectConfigurationPlatforms) = postSolution
		{80CF9BF4-ECE5-998A-355D-25ACA1B26A12}.Debug|x64.ActiveCfg = Debug|x64
		{80CF9BF4-ECE5-998A-355D-25ACA1B26A12}.Debug|x64.Build.0 = Debug|x64
		{80CF9BF4-ECE5-998A-355D-25ACA1B26A12}.Release|x64.ActiveCfg = Release|x64
		{80CF9BF4-ECE5-998A-355D-25ACA1B26A12}.Release|x64.Build.0 = Release|x64
		{331CB570-1F7F-4415-C804-7DCBB4461098}.Debug|x64.ActiveCfg = Debug|x64
		{331CB570-1F7F-4415-C804-7DCBB4461098}.Debug|x64.Build.0 = Debug|x64
		{331CB570-1F7F-4415-C804-7DCBB4461098}.Release|x64.ActiveCfg = Release|x64
		{331CB570-1F7F-4415-C804-7DCBB4461098}.Release|x64.Build.0 = Release|x64
	EndGlobalSection
	GlobalSection(SolutionProperties) = preSolution
		HideSolutionNode = FALSE
	EndGlobalSection
EndGlobal
