<?xml version="1.0" encoding="utf-8"?>
<Project ToolsVersion="4.0" xmlns="http://schemas.microsoft.com/developer/msbuild/2003">
  <ItemGroup>
    <Filter Include="bin">
      <UniqueIdentifier>{BE61880B-2A6B-887C-B3E6-9E7C1FEF937C}</UniqueIdentifier>
    </Filter>
    <Filter Include="bin-int">
      <UniqueIdentifier>{168B5978-826A-D813-8B82-63EAF7E03E75}</UniqueIdentifier>
    </Filter>
    <Filter Include="bin-int\Brain-Ma.2BED45DE.tlog">
      <UniqueIdentifier>{6DE0A2C1-5906-6D28-424C-F2F32E1192F4}</UniqueIdentifier>
    </Filter>
    <Filter Include="bin-int\Debug">
      <UniqueIdentifier>{0C0E4186-78CE-BCBC-4109-063AAD880199}</UniqueIdentifier>
    </Filter>
    <Filter Include="bin-int\Debug\Brain-Ma.80CF9BF4.tlog">
      <UniqueIdentifier>{DA89ECF6-C670-AEEE-6FC1-140C5B872755}</UniqueIdentifier>
    </Filter>
  </ItemGroup>
  <ItemGroup>
    <ClCompile Include="main.cpp" />
  </ItemGroup>
  <ItemGroup>
    <None Include="Brain-Matrix-Test.vcxproj" />
    <None Include="bin-int\Brain-Ma.2BED45DE.tlog\Brain-Matrix-Test.lastbuildstate">
      <Filter>bin-int\Brain-Ma.2BED45DE.tlog</Filter>
    </None>
    <None Include="bin-int\Brain-Ma.2BED45DE.tlog\CL.command.1.tlog">
      <Filter>bin-int\Brain-Ma.2BED45DE.tlog</Filter>
    </None>
    <None Include="bin-int\Brain-Ma.2BED45DE.tlog\CL.read.1.tlog">
      <Filter>bin-int\Brain-Ma.2BED45DE.tlog</Filter>
    </None>
    <None Include="bin-int\Brain-Ma.2BED45DE.tlog\CL.write.1.tlog">
      <Filter>bin-int\Brain-Ma.2BED45DE.tlog</Filter>
    </None>
    <None Include="bin-int\Brain-Ma.2BED45DE.tlog\link.command.1.tlog">
      <Filter>bin-int\Brain-Ma.2BED45DE.tlog</Filter>
    </None>
    <None Include="bin-int\Brain-Ma.2BED45DE.tlog\link.read.1.tlog">
      <Filter>bin-int\Brain-Ma.2BED45DE.tlog</Filter>
    </None>
    <None Include="bin-int\Brain-Ma.2BED45DE.tlog\link.write.1.tlog">
      <Filter>bin-int\Brain-Ma.2BED45DE.tlog</Filter>
    </None>
    <None Include="bin-int\Brain-Matrix-Test.log">
      <Filter>bin-int</Filter>
    </None>
    <None Include="bin-int\Debug\Brain-Ma.80CF9BF4.tlog\Brain-Matrix-Test.lastbuildstate">
      <Filter>bin-int\Debug\Brain-Ma.80CF9BF4.tlog</Filter>
    </None>
    <None Include="bin-int\Debug\Brain-Ma.80CF9BF4.tlog\CL.command.1.tlog">
      <Filter>bin-int\Debug\Brain-Ma.80CF9BF4.tlog</Filter>
    </None>
    <None Include="bin-int\Debug\Brain-Ma.80CF9BF4.tlog\CL.read.1.tlog">
      <Filter>bin-int\Debug\Brain-Ma.80CF9BF4.tlog</Filter>
    </None>
    <None Include="bin-int\Debug\Brain-Ma.80CF9BF4.tlog\CL.write.1.tlog">
      <Filter>bin-int\Debug\Brain-Ma.80CF9BF4.tlog</Filter>
    </None>
    <None Include="bin-int\Debug\Brain-Ma.80CF9BF4.tlog\link.command.1.tlog">
      <Filter>bin-int\Debug\Brain-Ma.80CF9BF4.tlog</Filter>
    </None>
    <None Include="bin-int\Debug\Brain-Ma.80CF9BF4.tlog\link.read.1.tlog">
      <Filter>bin-int\Debug\Brain-Ma.80CF9BF4.tlog</Filter>
    </None>
    <None Include="bin-int\Debug\Brain-Ma.80CF9BF4.tlog\link.write.1.tlog">
      <Filter>bin-int\Debug\Brain-Ma.80CF9BF4.tlog</Filter>
    </None>
    <None Include="bin-int\Debug\Brain-Matrix-Test.log">
      <Filter>bin-int\Debug</Filter>
    </None>
    <None Include="bin-int\Debug\main.obj">
      <Filter>bin-int\Debug</Filter>
    </None>
    <None Include="bin-int\Debug\vc142.idb">
      <Filter>bin-int\Debug</Filter>
    </None>
    <None Include="bin-int\Debug\vc142.pdb">
      <Filter>bin-int\Debug</Filter>
    </None>
    <None Include="bin-int\main.obj">
      <Filter>bin-int</Filter>
    </None>
    <None Include="bin-int\vc142.idb">
      <Filter>bin-int</Filter>
    </None>
    <None Include="bin-int\vc142.pdb">
      <Filter>bin-int</Filter>
    </None>
    <None Include="bin\Brain-Matrix-Test.exe">
      <Filter>bin</Filter>
    </None>
    <None Include="bin\Brain-Matrix-Test.ilk">
      <Filter>bin</Filter>
    </None>
    <None Include="bin\Brain-Matrix-Test.pdb">
      <Filter>bin</Filter>
    </None>
  </ItemGroup>
</Project>